
Microsoft Visual Studio Solution File, Format Version 12.00
# Visual Studio Version 16
VisualStudioVersion = 16.0.31205.134
MinimumVisualStudioVersion = 10.0.40219.1
Project("{FAE04EC0-301F-11D3-BF4B-00C04F79EFBC}") = "UTS", "UTS\UTS.csproj", "{B12B43BE-4D0F-4F1B-8C09-CE4439593916}"
EndProject
Project("{FAE04EC0-301F-11D3-BF4B-00C04F79EFBC}") = "UTSTestUnit", "UTSTestUnit\UTSTestUnit.csproj", "{A588AF38-C633-4580-A426-09760BF5097C}"
EndProject
Global
	GlobalSection(SolutionConfigurationPlatforms) = preSolution
		Debug|Any CPU = Debug|Any CPU
		Release|Any CPU = Release|Any CPU
	EndGlobalSection
	GlobalSection(ProjectConfigurationPlatforms) = postSolution
		{B12B43BE-4D0F-4F1B-8C09-CE4439593916}.Debug|Any CPU.ActiveCfg = Debug|Any CPU
		{B12B43BE-4D0F-4F1B-8C09-CE4439593916}.Debug|Any CPU.Build.0 = Debug|Any CPU
		{B12B43BE-4D0F-4F1B-8C09-CE4439593916}.Release|Any CPU.ActiveCfg = Release|Any CPU
		{B12B43BE-4D0F-4F1B-8C09-CE4439593916}.Release|Any CPU.Build.0 = Release|Any CPU
		{A588AF38-C633-4580-A426-09760BF5097C}.Debug|Any CPU.ActiveCfg = Debug|Any CPU
		{A588AF38-C633-4580-A426-09760BF5097C}.Debug|Any CPU.Build.0 = Debug|Any CPU
		{A588AF38-C633-4580-A426-09760BF5097C}.Release|Any CPU.ActiveCfg = Release|Any CPU
		{A588AF38-C633-4580-A426-09760BF5097C}.Release|Any CPU.Build.0 = Release|Any CPU
	EndGlobalSection
	GlobalSection(SolutionProperties) = preSolution
		HideSolutionNode = FALSE
	EndGlobalSection
	GlobalSection(ExtensibilityGlobals) = postSolution
		SolutionGuid = {C97FE1AD-4739-45C8-B34D-EA3468FA2643}
	EndGlobalSection
EndGlobal
